
Microsoft Visual Studio Solution File, Format Version 12.00
# Visual Studio Version 16
VisualStudioVersion = 16.0.31727.386
MinimumVisualStudioVersion = 10.0.40219.1
Project("{9A19103F-16F7-4668-BE54-9A1E7A4F7556}") = "UNN1N9_HFT_2021221.Client", "UNN1N9_HFT_2021221.Client\UNN1N9_HFT_2021221.Client.csproj", "{B5BF0A2D-1540-422E-B01B-B480A1387578}"
EndProject
Project("{9A19103F-16F7-4668-BE54-9A1E7A4F7556}") = "UNN1N9_HFT_2021221.Models", "UNN1N9_HFT_2021221.Models\UNN1N9_HFT_2021221.Models.csproj", "{D7A8F4A0-9B0D-434C-991F-0C1532DA2AF6}"
EndProject
Project("{9A19103F-16F7-4668-BE54-9A1E7A4F7556}") = "UNN1N9_HFT_2021221.Data", "UNN1N9_HFT_2021221.Data\UNN1N9_HFT_2021221.Data.csproj", "{AF2FD6C4-3792-4378-9643-6A4CF2D4D0AF}"
EndProject
Project("{9A19103F-16F7-4668-BE54-9A1E7A4F7556}") = "UNN1N9_HFT_2021221.Logic", "UNN1N9_HFT_2021221.Logic\UNN1N9_HFT_2021221.Logic.csproj", "{F08F30C9-E5A9-46C3-BE95-5E4D2924D9D3}"
EndProject
Project("{9A19103F-16F7-4668-BE54-9A1E7A4F7556}") = "UNN1N9_HFT_2021221.Repository", "UNN1N9_HFT_2021221.Repository\UNN1N9_HFT_2021221.Repository.csproj", "{CA7367AE-BB8C-48C8-A3D3-A66F005AB0BD}"
EndProject
Project("{9A19103F-16F7-4668-BE54-9A1E7A4F7556}") = "UNN1N9_HFT_2021221.Endpoint", "UNN1N9_HFT_2021221.Endpoint\UNN1N9_HFT_2021221.Endpoint.csproj", "{B9DB45E5-F385-4430-8BBF-EC26E1EAD3C6}"
EndProject
Project("{9A19103F-16F7-4668-BE54-9A1E7A4F7556}") = "UNN1N9_HFT_2021221.Test", "UNN1N9_HFT_2021221.Test\UNN1N9_HFT_2021221.Test.csproj", "{18350FA7-65B0-448A-8228-AAC6E352E2CA}"
EndProject
Project("{2150E333-8FDC-42A3-9474-1A3956D46DE8}") = "Backend", "Backend", "{40BDC614-A5A8-4F79-B4AC-82AC32749C22}"
EndProject
Project("{2150E333-8FDC-42A3-9474-1A3956D46DE8}") = "Frontend", "Frontend", "{F1747E7F-9C3B-411A-AB8A-9F928F96CA62}"
EndProject
Project("{2150E333-8FDC-42A3-9474-1A3956D46DE8}") = "Shared", "Shared", "{A520EEE7-0A19-44AA-A1F6-113C7AA81AC4}"
EndProject
Project("{2150E333-8FDC-42A3-9474-1A3956D46DE8}") = "Others", "Others", "{AB2ACD93-335C-4E64-9B06-048E15786237}"
	ProjectSection(SolutionItems) = preProject
		.gitignore = .gitignore
	EndProjectSection
EndProject
Project("{9A19103F-16F7-4668-BE54-9A1E7A4F7556}") = "UNN1N9_HFT_2021221.WpfClient", "UNN1N9_HFT_2021221.WpfClient\UNN1N9_HFT_2021221.WpfClient.csproj", "{A74213F3-C624-4F17-A93B-B40F74E35F84}"
EndProject
Project("{FAE04EC0-301F-11D3-BF4B-00C04F79EFBC}") = "UNN1N9_HFT_2021221.JSClient", "UNN1N9_HFT_2021221.JSClient\UNN1N9_HFT_2021221.JSClient.csproj", "{8BF82BAA-2AC4-40EE-B413-4BD5AFDE9EA8}"
EndProject
Global
	GlobalSection(SolutionConfigurationPlatforms) = preSolution
		Debug|Any CPU = Debug|Any CPU
		Release|Any CPU = Release|Any CPU
	EndGlobalSection
	GlobalSection(ProjectConfigurationPlatforms) = postSolution
		{B5BF0A2D-1540-422E-B01B-B480A1387578}.Debug|Any CPU.ActiveCfg = Debug|Any CPU
		{B5BF0A2D-1540-422E-B01B-B480A1387578}.Debug|Any CPU.Build.0 = Debug|Any CPU
		{B5BF0A2D-1540-422E-B01B-B480A1387578}.Release|Any CPU.ActiveCfg = Release|Any CPU
		{B5BF0A2D-1540-422E-B01B-B480A1387578}.Release|Any CPU.Build.0 = Release|Any CPU
		{D7A8F4A0-9B0D-434C-991F-0C1532DA2AF6}.Debug|Any CPU.ActiveCfg = Debug|Any CPU
		{D7A8F4A0-9B0D-434C-991F-0C1532DA2AF6}.Debug|Any CPU.Build.0 = Debug|Any CPU
		{D7A8F4A0-9B0D-434C-991F-0C1532DA2AF6}.Release|Any CPU.ActiveCfg = Release|Any CPU
		{D7A8F4A0-9B0D-434C-991F-0C1532DA2AF6}.Release|Any CPU.Build.0 = Release|Any CPU
		{AF2FD6C4-3792-4378-9643-6A4CF2D4D0AF}.Debug|Any CPU.ActiveCfg = Debug|Any CPU
		{AF2FD6C4-3792-4378-9643-6A4CF2D4D0AF}.Debug|Any CPU.Build.0 = Debug|Any CPU
		{AF2FD6C4-3792-4378-9643-6A4CF2D4D0AF}.Release|Any CPU.ActiveCfg = Release|Any CPU
		{AF2FD6C4-3792-4378-9643-6A4CF2D4D0AF}.Release|Any CPU.Build.0 = Release|Any CPU
		{F08F30C9-E5A9-46C3-BE95-5E4D2924D9D3}.Debug|Any CPU.ActiveCfg = Debug|Any CPU
		{F08F30C9-E5A9-46C3-BE95-5E4D2924D9D3}.Debug|Any CPU.Build.0 = Debug|Any CPU
		{F08F30C9-E5A9-46C3-BE95-5E4D2924D9D3}.Release|Any CPU.ActiveCfg = Release|Any CPU
		{F08F30C9-E5A9-46C3-BE95-5E4D2924D9D3}.Release|Any CPU.Build.0 = Release|Any CPU
		{CA7367AE-BB8C-48C8-A3D3-A66F005AB0BD}.Debug|Any CPU.ActiveCfg = Debug|Any CPU
		{CA7367AE-BB8C-48C8-A3D3-A66F005AB0BD}.Debug|Any CPU.Build.0 = Debug|Any CPU
		{CA7367AE-BB8C-48C8-A3D3-A66F005AB0BD}.Release|Any CPU.ActiveCfg = Release|Any CPU
		{CA7367AE-BB8C-48C8-A3D3-A66F005AB0BD}.Release|Any CPU.Build.0 = Release|Any CPU
		{B9DB45E5-F385-4430-8BBF-EC26E1EAD3C6}.Debug|Any CPU.ActiveCfg = Debug|Any CPU
		{B9DB45E5-F385-4430-8BBF-EC26E1EAD3C6}.Debug|Any CPU.Build.0 = Debug|Any CPU
		{B9DB45E5-F385-4430-8BBF-EC26E1EAD3C6}.Release|Any CPU.ActiveCfg = Release|Any CPU
		{B9DB45E5-F385-4430-8BBF-EC26E1EAD3C6}.Release|Any CPU.Build.0 = Release|Any CPU
		{18350FA7-65B0-448A-8228-AAC6E352E2CA}.Debug|Any CPU.ActiveCfg = Debug|Any CPU
		{18350FA7-65B0-448A-8228-AAC6E352E2CA}.Debug|Any CPU.Build.0 = Debug|Any CPU
		{18350FA7-65B0-448A-8228-AAC6E352E2CA}.Release|Any CPU.ActiveCfg = Release|Any CPU
		{18350FA7-65B0-448A-8228-AAC6E352E2CA}.Release|Any CPU.Build.0 = Release|Any CPU
		{A74213F3-C624-4F17-A93B-B40F74E35F84}.Debug|Any CPU.ActiveCfg = Debug|Any CPU
		{A74213F3-C624-4F17-A93B-B40F74E35F84}.Debug|Any CPU.Build.0 = Debug|Any CPU
		{A74213F3-C624-4F17-A93B-B40F74E35F84}.Release|Any CPU.ActiveCfg = Release|Any CPU
		{A74213F3-C624-4F17-A93B-B40F74E35F84}.Release|Any CPU.Build.0 = Release|Any CPU
		{8BF82BAA-2AC4-40EE-B413-4BD5AFDE9EA8}.Debug|Any CPU.ActiveCfg = Debug|Any CPU
		{8BF82BAA-2AC4-40EE-B413-4BD5AFDE9EA8}.Debug|Any CPU.Build.0 = Debug|Any CPU
		{8BF82BAA-2AC4-40EE-B413-4BD5AFDE9EA8}.Release|Any CPU.ActiveCfg = Release|Any CPU
		{8BF82BAA-2AC4-40EE-B413-4BD5AFDE9EA8}.Release|Any CPU.Build.0 = Release|Any CPU
	EndGlobalSection
	GlobalSection(SolutionProperties) = preSolution
		HideSolutionNode = FALSE
	EndGlobalSection
	GlobalSection(NestedProjects) = preSolution
		{B5BF0A2D-1540-422E-B01B-B480A1387578} = {F1747E7F-9C3B-411A-AB8A-9F928F96CA62}
		{D7A8F4A0-9B0D-434C-991F-0C1532DA2AF6} = {A520EEE7-0A19-44AA-A1F6-113C7AA81AC4}
		{AF2FD6C4-3792-4378-9643-6A4CF2D4D0AF} = {40BDC614-A5A8-4F79-B4AC-82AC32749C22}
		{F08F30C9-E5A9-46C3-BE95-5E4D2924D9D3} = {40BDC614-A5A8-4F79-B4AC-82AC32749C22}
		{CA7367AE-BB8C-48C8-A3D3-A66F005AB0BD} = {40BDC614-A5A8-4F79-B4AC-82AC32749C22}
		{B9DB45E5-F385-4430-8BBF-EC26E1EAD3C6} = {40BDC614-A5A8-4F79-B4AC-82AC32749C22}
		{18350FA7-65B0-448A-8228-AAC6E352E2CA} = {40BDC614-A5A8-4F79-B4AC-82AC32749C22}
		{A74213F3-C624-4F17-A93B-B40F74E35F84} = {F1747E7F-9C3B-411A-AB8A-9F928F96CA62}
		{8BF82BAA-2AC4-40EE-B413-4BD5AFDE9EA8} = {F1747E7F-9C3B-411A-AB8A-9F928F96CA62}
	EndGlobalSection
	GlobalSection(ExtensibilityGlobals) = postSolution
		SolutionGuid = {2413B5C7-9384-4038-AFD2-EFD217B7555D}
	EndGlobalSection
EndGlobal
